
Microsoft Visual Studio Solution File, Format Version 12.00
# Visual Studio Version 17
VisualStudioVersion = 17.2.32616.157
MinimumVisualStudioVersion = 10.0.40219.1
Project("{C7167F0D-BC9F-4E6E-AFE1-012C56B48DB5}") = "Noobsenger.WinUI.Package", "Noobsenger\Noobsenger (Package)\Noobsenger.WinUI.Package.wapproj", "{82ADC4EA-54E2-4299-88CA-1E78EF3BCE7C}"
EndProject
Project("{9A19103F-16F7-4668-BE54-9A1E7A4F7556}") = "Noobsenger.WinUI", "Noobsenger\Noobsenger\Noobsenger.WinUI.csproj", "{4432DA61-7F0E-45C8-A930-1CC427AD452F}"
EndProject
Project("{9A19103F-16F7-4668-BE54-9A1E7A4F7556}") = "Noobsenger.Core", "Noobsenger.Core\Noobsenger.Core.csproj", "{46F379A1-C12E-4CCF-845B-A115D6C5AB91}"
EndProject
Project("{FAE04EC0-301F-11D3-BF4B-00C04F79EFBC}") = "Noobsenger.Mobile.Android", "Noobsenger Mobile\Noobsenger Mobile.Android\Noobsenger.Mobile.Android.csproj", "{EC3E2A51-A20C-48F9-A5CA-9900D4892BE4}"
EndProject
Project("{FAE04EC0-301F-11D3-BF4B-00C04F79EFBC}") = "Noobsenger.Mobile.iOS", "Noobsenger Mobile\Noobsenger Mobile.iOS\Noobsenger.Mobile.iOS.csproj", "{DA8D7081-AAFA-4ACB-AD87-5EDCF4B69C9D}"
EndProject
Project("{9A19103F-16F7-4668-BE54-9A1E7A4F7556}") = "Noobsenger.Mobile", "Noobsenger Mobile\Noobsenger Mobile\Noobsenger.Mobile.csproj", "{8C3927AF-DF4D-48B6-AA70-A2042273FCC6}"
EndProject
Global
	GlobalSection(SolutionConfigurationPlatforms) = preSolution
		Debug|Any CPU = Debug|Any CPU
		Debug|arm64 = Debug|arm64
		Debug|iPhone = Debug|iPhone
		Debug|iPhoneSimulator = Debug|iPhoneSimulator
		Debug|x64 = Debug|x64
		Debug|x86 = Debug|x86
		Release|Any CPU = Release|Any CPU
		Release|arm64 = Release|arm64
		Release|iPhone = Release|iPhone
		Release|iPhoneSimulator = Release|iPhoneSimulator
		Release|x64 = Release|x64
		Release|x86 = Release|x86
	EndGlobalSection
	GlobalSection(ProjectConfigurationPlatforms) = postSolution
		{82ADC4EA-54E2-4299-88CA-1E78EF3BCE7C}.Debug|Any CPU.ActiveCfg = Debug|x64
		{82ADC4EA-54E2-4299-88CA-1E78EF3BCE7C}.Debug|Any CPU.Build.0 = Debug|x64
		{82ADC4EA-54E2-4299-88CA-1E78EF3BCE7C}.Debug|Any CPU.Deploy.0 = Debug|x64
		{82ADC4EA-54E2-4299-88CA-1E78EF3BCE7C}.Debug|arm64.ActiveCfg = Debug|arm64
		{82ADC4EA-54E2-4299-88CA-1E78EF3BCE7C}.Debug|arm64.Build.0 = Debug|arm64
		{82ADC4EA-54E2-4299-88CA-1E78EF3BCE7C}.Debug|arm64.Deploy.0 = Debug|arm64
		{82ADC4EA-54E2-4299-88CA-1E78EF3BCE7C}.Debug|iPhone.ActiveCfg = Debug|x64
		{82ADC4EA-54E2-4299-88CA-1E78EF3BCE7C}.Debug|iPhone.Build.0 = Debug|x64
		{82ADC4EA-54E2-4299-88CA-1E78EF3BCE7C}.Debug|iPhone.Deploy.0 = Debug|x64
		{82ADC4EA-54E2-4299-88CA-1E78EF3BCE7C}.Debug|iPhoneSimulator.ActiveCfg = Debug|x64
		{82ADC4EA-54E2-4299-88CA-1E78EF3BCE7C}.Debug|iPhoneSimulator.Build.0 = Debug|x64
		{82ADC4EA-54E2-4299-88CA-1E78EF3BCE7C}.Debug|iPhoneSimulator.Deploy.0 = Debug|x64
		{82ADC4EA-54E2-4299-88CA-1E78EF3BCE7C}.Debug|x64.ActiveCfg = Debug|x64
		{82ADC4EA-54E2-4299-88CA-1E78EF3BCE7C}.Debug|x64.Build.0 = Debug|x64
		{82ADC4EA-54E2-4299-88CA-1E78EF3BCE7C}.Debug|x64.Deploy.0 = Debug|x64
		{82ADC4EA-54E2-4299-88CA-1E78EF3BCE7C}.Debug|x86.ActiveCfg = Debug|x86
		{82ADC4EA-54E2-4299-88CA-1E78EF3BCE7C}.Debug|x86.Build.0 = Debug|x86
		{82ADC4EA-54E2-4299-88CA-1E78EF3BCE7C}.Debug|x86.Deploy.0 = Debug|x86
		{82ADC4EA-54E2-4299-88CA-1E78EF3BCE7C}.Release|Any CPU.ActiveCfg = Release|x64
		{82ADC4EA-54E2-4299-88CA-1E78EF3BCE7C}.Release|Any CPU.Build.0 = Release|x64
		{82ADC4EA-54E2-4299-88CA-1E78EF3BCE7C}.Release|Any CPU.Deploy.0 = Release|x64
		{82ADC4EA-54E2-4299-88CA-1E78EF3BCE7C}.Release|arm64.ActiveCfg = Release|arm64
		{82ADC4EA-54E2-4299-88CA-1E78EF3BCE7C}.Release|arm64.Build.0 = Release|arm64
		{82ADC4EA-54E2-4299-88CA-1E78EF3BCE7C}.Release|arm64.Deploy.0 = Release|arm64
		{82ADC4EA-54E2-4299-88CA-1E78EF3BCE7C}.Release|iPhone.ActiveCfg = Release|x64
		{82ADC4EA-54E2-4299-88CA-1E78EF3BCE7C}.Release|iPhone.Build.0 = Release|x64
		{82ADC4EA-54E2-4299-88CA-1E78EF3BCE7C}.Release|iPhone.Deploy.0 = Release|x64
		{82ADC4EA-54E2-4299-88CA-1E78EF3BCE7C}.Release|iPhoneSimulator.ActiveCfg = Release|x64
		{82ADC4EA-54E2-4299-88CA-1E78EF3BCE7C}.Release|iPhoneSimulator.Build.0 = Release|x64
		{82ADC4EA-54E2-4299-88CA-1E78EF3BCE7C}.Release|iPhoneSimulator.Deploy.0 = Release|x64
		{82ADC4EA-54E2-4299-88CA-1E78EF3BCE7C}.Release|x64.ActiveCfg = Release|x64
		{82ADC4EA-54E2-4299-88CA-1E78EF3BCE7C}.Release|x64.Build.0 = Release|x64
		{82ADC4EA-54E2-4299-88CA-1E78EF3BCE7C}.Release|x64.Deploy.0 = Release|x64
		{82ADC4EA-54E2-4299-88CA-1E78EF3BCE7C}.Release|x86.ActiveCfg = Release|x86
		{82ADC4EA-54E2-4299-88CA-1E78EF3BCE7C}.Release|x86.Build.0 = Release|x86
		{82ADC4EA-54E2-4299-88CA-1E78EF3BCE7C}.Release|x86.Deploy.0 = Release|x86
		{4432DA61-7F0E-45C8-A930-1CC427AD452F}.Debug|Any CPU.ActiveCfg = Debug|x64
		{4432DA61-7F0E-45C8-A930-1CC427AD452F}.Debug|Any CPU.Build.0 = Debug|x64
		{4432DA61-7F0E-45C8-A930-1CC427AD452F}.Debug|arm64.ActiveCfg = Debug|arm64
		{4432DA61-7F0E-45C8-A930-1CC427AD452F}.Debug|arm64.Build.0 = Debug|arm64
		{4432DA61-7F0E-45C8-A930-1CC427AD452F}.Debug|iPhone.ActiveCfg = Debug|x64
		{4432DA61-7F0E-45C8-A930-1CC427AD452F}.Debug|iPhone.Build.0 = Debug|x64
		{4432DA61-7F0E-45C8-A930-1CC427AD452F}.Debug|iPhoneSimulator.ActiveCfg = Debug|x64
		{4432DA61-7F0E-45C8-A930-1CC427AD452F}.Debug|iPhoneSimulator.Build.0 = Debug|x64
		{4432DA61-7F0E-45C8-A930-1CC427AD452F}.Debug|x64.ActiveCfg = Debug|x64
		{4432DA61-7F0E-45C8-A930-1CC427AD452F}.Debug|x64.Build.0 = Debug|x64
		{4432DA61-7F0E-45C8-A930-1CC427AD452F}.Debug|x86.ActiveCfg = Debug|x86
		{4432DA61-7F0E-45C8-A930-1CC427AD452F}.Debug|x86.Build.0 = Debug|x86
		{4432DA61-7F0E-45C8-A930-1CC427AD452F}.Release|Any CPU.ActiveCfg = Release|x64
		{4432DA61-7F0E-45C8-A930-1CC427AD452F}.Release|Any CPU.Build.0 = Release|x64
		{4432DA61-7F0E-45C8-A930-1CC427AD452F}.Release|arm64.ActiveCfg = Release|arm64
		{4432DA61-7F0E-45C8-A930-1CC427AD452F}.Release|arm64.Build.0 = Release|arm64
		{4432DA61-7F0E-45C8-A930-1CC427AD452F}.Release|iPhone.ActiveCfg = Release|x64
		{4432DA61-7F0E-45C8-A930-1CC427AD452F}.Release|iPhone.Build.0 = Release|x64
		{4432DA61-7F0E-45C8-A930-1CC427AD452F}.Release|iPhoneSimulator.ActiveCfg = Release|x64
		{4432DA61-7F0E-45C8-A930-1CC427AD452F}.Release|iPhoneSimulator.Build.0 = Release|x64
		{4432DA61-7F0E-45C8-A930-1CC427AD452F}.Release|x64.ActiveCfg = Release|x64
		{4432DA61-7F0E-45C8-A930-1CC427AD452F}.Release|x64.Build.0 = Release|x64
		{4432DA61-7F0E-45C8-A930-1CC427AD452F}.Release|x86.ActiveCfg = Release|x86
		{4432DA61-7F0E-45C8-A930-1CC427AD452F}.Release|x86.Build.0 = Release|x86
		{46F379A1-C12E-4CCF-845B-A115D6C5AB91}.Debug|Any CPU.ActiveCfg = Debug|Any CPU
		{46F379A1-C12E-4CCF-845B-A115D6C5AB91}.Debug|Any CPU.Build.0 = Debug|Any CPU
		{46F379A1-C12E-4CCF-845B-A115D6C5AB91}.Debug|arm64.ActiveCfg = Debug|Any CPU
		{46F379A1-C12E-4CCF-845B-A115D6C5AB91}.Debug|arm64.Build.0 = Debug|Any CPU
		{46F379A1-C12E-4CCF-845B-A115D6C5AB91}.Debug|iPhone.ActiveCfg = Debug|Any CPU
		{46F379A1-C12E-4CCF-845B-A115D6C5AB91}.Debug|iPhone.Build.0 = Debug|Any CPU
		{46F379A1-C12E-4CCF-845B-A115D6C5AB91}.Debug|iPhoneSimulator.ActiveCfg = Debug|Any CPU
		{46F379A1-C12E-4CCF-845B-A115D6C5AB91}.Debug|iPhoneSimulator.Build.0 = Debug|Any CPU
		{46F379A1-C12E-4CCF-845B-A115D6C5AB91}.Debug|x64.ActiveCfg = Debug|Any CPU
		{46F379A1-C12E-4CCF-845B-A115D6C5AB91}.Debug|x64.Build.0 = Debug|Any CPU
		{46F379A1-C12E-4CCF-845B-A115D6C5AB91}.Debug|x86.ActiveCfg = Debug|Any CPU
		{46F379A1-C12E-4CCF-845B-A115D6C5AB91}.Debug|x86.Build.0 = Debug|Any CPU
		{46F379A1-C12E-4CCF-845B-A115D6C5AB91}.Release|Any CPU.ActiveCfg = Release|Any CPU
		{46F379A1-C12E-4CCF-845B-A115D6C5AB91}.Release|Any CPU.Build.0 = Release|Any CPU
		{46F379A1-C12E-4CCF-845B-A115D6C5AB91}.Release|arm64.ActiveCfg = Release|Any CPU
		{46F379A1-C12E-4CCF-845B-A115D6C5AB91}.Release|arm64.Build.0 = Release|Any CPU
		{46F379A1-C12E-4CCF-845B-A115D6C5AB91}.Release|iPhone.ActiveCfg = Release|Any CPU
		{46F379A1-C12E-4CCF-845B-A115D6C5AB91}.Release|iPhone.Build.0 = Release|Any CPU
		{46F379A1-C12E-4CCF-845B-A115D6C5AB91}.Release|iPhoneSimulator.ActiveCfg = Release|Any CPU
		{46F379A1-C12E-4CCF-845B-A115D6C5AB91}.Release|iPhoneSimulator.Build.0 = Release|Any CPU
		{46F379A1-C12E-4CCF-845B-A115D6C5AB91}.Release|x64.ActiveCfg = Release|Any CPU
		{46F379A1-C12E-4CCF-845B-A115D6C5AB91}.Release|x64.Build.0 = Release|Any CPU
		{46F379A1-C12E-4CCF-845B-A115D6C5AB91}.Release|x86.ActiveCfg = Release|Any CPU
		{46F379A1-C12E-4CCF-845B-A115D6C5AB91}.Release|x86.Build.0 = Release|Any CPU
		{EC3E2A51-A20C-48F9-A5CA-9900D4892BE4}.Debug|Any CPU.ActiveCfg = Debug|Any CPU
		{EC3E2A51-A20C-48F9-A5CA-9900D4892BE4}.Debug|Any CPU.Build.0 = Debug|Any CPU
		{EC3E2A51-A20C-48F9-A5CA-9900D4892BE4}.Debug|Any CPU.Deploy.0 = Debug|Any CPU
		{EC3E2A51-A20C-48F9-A5CA-9900D4892BE4}.Debug|arm64.ActiveCfg = Debug|Any CPU
		{EC3E2A51-A20C-48F9-A5CA-9900D4892BE4}.Debug|arm64.Build.0 = Debug|Any CPU
		{EC3E2A51-A20C-48F9-A5CA-9900D4892BE4}.Debug|arm64.Deploy.0 = Debug|Any CPU
		{EC3E2A51-A20C-48F9-A5CA-9900D4892BE4}.Debug|iPhone.ActiveCfg = Debug|Any CPU
		{EC3E2A51-A20C-48F9-A5CA-9900D4892BE4}.Debug|iPhone.Build.0 = Debug|Any CPU
		{EC3E2A51-A20C-48F9-A5CA-9900D4892BE4}.Debug|iPhone.Deploy.0 = Debug|Any CPU
		{EC3E2A51-A20C-48F9-A5CA-9900D4892BE4}.Debug|iPhoneSimulator.ActiveCfg = Debug|Any CPU
		{EC3E2A51-A20C-48F9-A5CA-9900D4892BE4}.Debug|iPhoneSimulator.Build.0 = Debug|Any CPU
		{EC3E2A51-A20C-48F9-A5CA-9900D4892BE4}.Debug|iPhoneSimulator.Deploy.0 = Debug|Any CPU
		{EC3E2A51-A20C-48F9-A5CA-9900D4892BE4}.Debug|x64.ActiveCfg = Debug|Any CPU
		{EC3E2A51-A20C-48F9-A5CA-9900D4892BE4}.Debug|x64.Build.0 = Debug|Any CPU
		{EC3E2A51-A20C-48F9-A5CA-9900D4892BE4}.Debug|x64.Deploy.0 = Debug|Any CPU
		{EC3E2A51-A20C-48F9-A5CA-9900D4892BE4}.Debug|x86.ActiveCfg = Debug|Any CPU
		{EC3E2A51-A20C-48F9-A5CA-9900D4892BE4}.Debug|x86.Build.0 = Debug|Any CPU
		{EC3E2A51-A20C-48F9-A5CA-9900D4892BE4}.Debug|x86.Deploy.0 = Debug|Any CPU
		{EC3E2A51-A20C-48F9-A5CA-9900D4892BE4}.Release|Any CPU.ActiveCfg = Release|Any CPU
		{EC3E2A51-A20C-48F9-A5CA-9900D4892BE4}.Release|Any CPU.Build.0 = Release|Any CPU
		{EC3E2A51-A20C-48F9-A5CA-9900D4892BE4}.Release|Any CPU.Deploy.0 = Release|Any CPU
		{EC3E2A51-A20C-48F9-A5CA-9900D4892BE4}.Release|arm64.ActiveCfg = Release|Any CPU
		{EC3E2A51-A20C-48F9-A5CA-9900D4892BE4}.Release|arm64.Build.0 = Release|Any CPU
		{EC3E2A51-A20C-48F9-A5CA-9900D4892BE4}.Release|arm64.Deploy.0 = Release|Any CPU
		{EC3E2A51-A20C-48F9-A5CA-9900D4892BE4}.Release|iPhone.ActiveCfg = Release|Any CPU
		{EC3E2A51-A20C-48F9-A5CA-9900D4892BE4}.Release|iPhone.Build.0 = Release|Any CPU
		{EC3E2A51-A20C-48F9-A5CA-9900D4892BE4}.Release|iPhone.Deploy.0 = Release|Any CPU
		{EC3E2A51-A20C-48F9-A5CA-9900D4892BE4}.Release|iPhoneSimulator.ActiveCfg = Release|Any CPU
		{EC3E2A51-A20C-48F9-A5CA-9900D4892BE4}.Release|iPhoneSimulator.Build.0 = Release|Any CPU
		{EC3E2A51-A20C-48F9-A5CA-9900D4892BE4}.Release|iPhoneSimulator.Deploy.0 = Release|Any CPU
		{EC3E2A51-A20C-48F9-A5CA-9900D4892BE4}.Release|x64.ActiveCfg = Release|Any CPU
		{EC3E2A51-A20C-48F9-A5CA-9900D4892BE4}.Release|x64.Build.0 = Release|Any CPU
		{EC3E2A51-A20C-48F9-A5CA-9900D4892BE4}.Release|x64.Deploy.0 = Release|Any CPU
		{EC3E2A51-A20C-48F9-A5CA-9900D4892BE4}.Release|x86.ActiveCfg = Release|Any CPU
		{EC3E2A51-A20C-48F9-A5CA-9900D4892BE4}.Release|x86.Build.0 = Release|Any CPU
		{EC3E2A51-A20C-48F9-A5CA-9900D4892BE4}.Release|x86.Deploy.0 = Release|Any CPU
		{DA8D7081-AAFA-4ACB-AD87-5EDCF4B69C9D}.Debug|Any CPU.ActiveCfg = Debug|iPhoneSimulator
		{DA8D7081-AAFA-4ACB-AD87-5EDCF4B69C9D}.Debug|Any CPU.Build.0 = Debug|iPhoneSimulator
		{DA8D7081-AAFA-4ACB-AD87-5EDCF4B69C9D}.Debug|arm64.ActiveCfg = Debug|iPhoneSimulator
		{DA8D7081-AAFA-4ACB-AD87-5EDCF4B69C9D}.Debug|arm64.Build.0 = Debug|iPhoneSimulator
		{DA8D7081-AAFA-4ACB-AD87-5EDCF4B69C9D}.Debug|iPhone.ActiveCfg = Debug|iPhone
		{DA8D7081-AAFA-4ACB-AD87-5EDCF4B69C9D}.Debug|iPhone.Build.0 = Debug|iPhone
		{DA8D7081-AAFA-4ACB-AD87-5EDCF4B69C9D}.Debug|iPhoneSimulator.ActiveCfg = Debug|iPhoneSimulator
		{DA8D7081-AAFA-4ACB-AD87-5EDCF4B69C9D}.Debug|iPhoneSimulator.Build.0 = Debug|iPhoneSimulator
		{DA8D7081-AAFA-4ACB-AD87-5EDCF4B69C9D}.Debug|x64.ActiveCfg = Debug|iPhoneSimulator
		{DA8D7081-AAFA-4ACB-AD87-5EDCF4B69C9D}.Debug|x64.Build.0 = Debug|iPhoneSimulator
		{DA8D7081-AAFA-4ACB-AD87-5EDCF4B69C9D}.Debug|x86.ActiveCfg = Debug|iPhoneSimulator
		{DA8D7081-AAFA-4ACB-AD87-5EDCF4B69C9D}.Debug|x86.Build.0 = Debug|iPhoneSimulator
		{DA8D7081-AAFA-4ACB-AD87-5EDCF4B69C9D}.Release|Any CPU.ActiveCfg = Release|iPhoneSimulator
		{DA8D7081-AAFA-4ACB-AD87-5EDCF4B69C9D}.Release|Any CPU.Build.0 = Release|iPhoneSimulator
		{DA8D7081-AAFA-4ACB-AD87-5EDCF4B69C9D}.Release|arm64.ActiveCfg = Release|iPhoneSimulator
		{DA8D7081-AAFA-4ACB-AD87-5EDCF4B69C9D}.Release|arm64.Build.0 = Release|iPhoneSimulator
		{DA8D7081-AAFA-4ACB-AD87-5EDCF4B69C9D}.Release|iPhone.ActiveCfg = Release|iPhone
		{DA8D7081-AAFA-4ACB-AD87-5EDCF4B69C9D}.Release|iPhone.Build.0 = Release|iPhone
		{DA8D7081-AAFA-4ACB-AD87-5EDCF4B69C9D}.Release|iPhoneSimulator.ActiveCfg = Release|iPhoneSimulator
		{DA8D7081-AAFA-4ACB-AD87-5EDCF4B69C9D}.Release|iPhoneSimulator.Build.0 = Release|iPhoneSimulator
		{DA8D7081-AAFA-4ACB-AD87-5EDCF4B69C9D}.Release|x64.ActiveCfg = Release|iPhoneSimulator
		{DA8D7081-AAFA-4ACB-AD87-5EDCF4B69C9D}.Release|x64.Build.0 = Release|iPhoneSimulator
		{DA8D7081-AAFA-4ACB-AD87-5EDCF4B69C9D}.Release|x86.ActiveCfg = Release|iPhoneSimulator
		{DA8D7081-AAFA-4ACB-AD87-5EDCF4B69C9D}.Release|x86.Build.0 = Release|iPhoneSimulator
		{8C3927AF-DF4D-48B6-AA70-A2042273FCC6}.Debug|Any CPU.ActiveCfg = Debug|Any CPU
		{8C3927AF-DF4D-48B6-AA70-A2042273FCC6}.Debug|Any CPU.Build.0 = Debug|Any CPU
		{8C3927AF-DF4D-48B6-AA70-A2042273FCC6}.Debug|arm64.ActiveCfg = Debug|Any CPU
		{8C3927AF-DF4D-48B6-AA70-A2042273FCC6}.Debug|arm64.Build.0 = Debug|Any CPU
		{8C3927AF-DF4D-48B6-AA70-A2042273FCC6}.Debug|iPhone.ActiveCfg = Debug|Any CPU
		{8C3927AF-DF4D-48B6-AA70-A2042273FCC6}.Debug|iPhone.Build.0 = Debug|Any CPU
		{8C3927AF-DF4D-48B6-AA70-A2042273FCC6}.Debug|iPhoneSimulator.ActiveCfg = Debug|Any CPU
		{8C3927AF-DF4D-48B6-AA70-A2042273FCC6}.Debug|iPhoneSimulator.Build.0 = Debug|Any CPU
		{8C3927AF-DF4D-48B6-AA70-A2042273FCC6}.Debug|x64.ActiveCfg = Debug|Any CPU
		{8C3927AF-DF4D-48B6-AA70-A2042273FCC6}.Debug|x64.Build.0 = Debug|Any CPU
		{8C3927AF-DF4D-48B6-AA70-A2042273FCC6}.Debug|x86.ActiveCfg = Debug|Any CPU
		{8C3927AF-DF4D-48B6-AA70-A2042273FCC6}.Debug|x86.Build.0 = Debug|Any CPU
		{8C3927AF-DF4D-48B6-AA70-A2042273FCC6}.Release|Any CPU.ActiveCfg = Release|Any CPU
		{8C3927AF-DF4D-48B6-AA70-A2042273FCC6}.Release|Any CPU.Build.0 = Release|Any CPU
		{8C3927AF-DF4D-48B6-AA70-A2042273FCC6}.Release|arm64.ActiveCfg = Release|Any CPU
		{8C3927AF-DF4D-48B6-AA70-A2042273FCC6}.Release|arm64.Build.0 = Release|Any CPU
		{8C3927AF-DF4D-48B6-AA70-A2042273FCC6}.Release|iPhone.ActiveCfg = Release|Any CPU
		{8C3927AF-DF4D-48B6-AA70-A2042273FCC6}.Release|iPhone.Build.0 = Release|Any CPU
		{8C3927AF-DF4D-48B6-AA70-A2042273FCC6}.Release|iPhoneSimulator.ActiveCfg = Release|Any CPU
		{8C3927AF-DF4D-48B6-AA70-A2042273FCC6}.Release|iPhoneSimulator.Build.0 = Release|Any CPU
		{8C3927AF-DF4D-48B6-AA70-A2042273FCC6}.Release|x64.ActiveCfg = Release|Any CPU
		{8C3927AF-DF4D-48B6-AA70-A2042273FCC6}.Release|x64.Build.0 = Release|Any CPU
		{8C3927AF-DF4D-48B6-AA70-A2042273FCC6}.Release|x86.ActiveCfg = Release|Any CPU
		{8C3927AF-DF4D-48B6-AA70-A2042273FCC6}.Release|x86.Build.0 = Release|Any CPU
	EndGlobalSection
	GlobalSection(SolutionProperties) = preSolution
		HideSolutionNode = FALSE
	EndGlobalSection
	GlobalSection(ExtensibilityGlobals) = postSolution
		SolutionGuid = {7B805DCD-BA06-4EB5-A3DC-B1CD03E7BDD0}
	EndGlobalSection
EndGlobal
